
Microsoft Visual Studio Solution File, Format Version 12.00
# Visual Studio Version 17
VisualStudioVersion = 17.4.33205.214
MinimumVisualStudioVersion = 10.0.40219.1
Project("{888888A0-9F3D-457C-B088-3A5042F75D52}") = "Iseseisev töö B-4 Pood", "Iseseisev töö B-4 Pood\Iseseisev töö B-4 Pood.pyproj", "{5BE14F30-B672-4374-A3ED-DC8180B8924A}"
EndProject
Global
	GlobalSection(SolutionConfigurationPlatforms) = preSolution
		Debug|Any CPU = Debug|Any CPU
		Release|Any CPU = Release|Any CPU
	EndGlobalSection
	GlobalSection(ProjectConfigurationPlatforms) = postSolution
		{5BE14F30-B672-4374-A3ED-DC8180B8924A}.Debug|Any CPU.ActiveCfg = Debug|Any CPU
		{5BE14F30-B672-4374-A3ED-DC8180B8924A}.Release|Any CPU.ActiveCfg = Release|Any CPU
	EndGlobalSection
	GlobalSection(SolutionProperties) = preSolution
		HideSolutionNode = FALSE
	EndGlobalSection
	GlobalSection(ExtensibilityGlobals) = postSolution
		SolutionGuid = {186C445F-833F-4C72-873C-4EB78375148B}
	EndGlobalSection
EndGlobal
